# THIS IS AN AUTOGENERATED FILE. DO NOT EDIT THIS FILE DIRECTLY.
# yarn lockfile v1


three@^0.124.0:
  version "0.124.0"
  resolved "https://registry.yarnpkg.com/three/-/three-0.124.0.tgz#14ab1a26ba6c56e51190e1b55695cd3c1e69ea55"
  integrity sha512-ROXp1Ly7YyF+jC910DQyAWj++Qlw2lQv0qwYLNQwdDbjk4bsOXAfGO92wYTMPNei1GMJUmCxSxc3MjGBTS09Rg==
